// !$*UTF8*$!
{
	archiveVersion = 1;
	classes = {
	};
	objectVersion = 56;
	objects = {

/* Begin PBXBuildFile section */
		CF0001000000000000000001 /* MouseMEApp.swift in Sources */ = {isa = PBXBuildFile; fileRef = CF0002000000000000000001 /* MouseMEApp.swift */; };
		CF0001000000000000000002 /* ContentView.swift in Sources */ = {isa = PBXBuildFile; fileRef = CF0002000000000000000002 /* ContentView.swift */; };
		CF0001000000000000000003 /* WebSocketClient.swift in Sources */ = {isa = PBXBuildFile; fileRef = CF0002000000000000000003 /* WebSocketClient.swift */; };
		CF0001000000000000000004 /* MousePadView.swift in Sources */ = {isa = PBXBuildFile; fileRef = CF0002000000000000000004 /* MousePadView.swift */; };
		CF0001000000000000000005 /* ScrollPadView.swift in Sources */ = {isa = PBXBuildFile; fileRef = CF0002000000000000000005 /* ScrollPadView.swift */; };
		CF0001000000000000000006 /* SettingsView.swift in Sources */ = {isa = PBXBuildFile; fileRef = CF0002000000000000000006 /* SettingsView.swift */; };
		CF0001000000000000000007 /* MouseMETests.swift in Sources */ = {isa = PBXBuildFile; fileRef = CF0002000000000000000007 /* MouseMETests.swift */; };
/* End PBXBuildFile section */

/* Begin PBXFileReference section */
		CF0002000000000000000001 /* MouseMEApp.swift */ = {isa = PBXFileReference; lastKnownFileType = sourcecode.swift; path = MouseMEApp.swift; sourceTree = "<group>"; };
		CF0002000000000000000002 /* ContentView.swift */ = {isa = PBXFileReference; lastKnownFileType = sourcecode.swift; path = ContentView.swift; sourceTree = "<group>"; };
		CF0002000000000000000003 /* WebSocketClient.swift */ = {isa = PBXFileReference; lastKnownFileType = sourcecode.swift; path = WebSocketClient.swift; sourceTree = "<group>"; };
		CF0002000000000000000004 /* MousePadView.swift */ = {isa = PBXFileReference; lastKnownFileType = sourcecode.swift; path = MousePadView.swift; sourceTree = "<group>"; };
		CF0002000000000000000005 /* ScrollPadView.swift */ = {isa = PBXFileReference; lastKnownFileType = sourcecode.swift; path = ScrollPadView.swift; sourceTree = "<group>"; };
		CF0002000000000000000006 /* SettingsView.swift */ = {isa = PBXFileReference; lastKnownFileType = sourcecode.swift; path = SettingsView.swift; sourceTree = "<group>"; };
		CF0002000000000000000007 /* MouseMETests.swift */ = {isa = PBXFileReference; lastKnownFileType = sourcecode.swift; path = MouseMETests.swift; sourceTree = "<group>"; };
		CF0002000000000000000008 /* Info.plist */ = {isa = PBXFileReference; lastKnownFileType = text.plist.xml; path = Info.plist; sourceTree = "<group>"; };
		CF0003000000000000000001 /* MouseME.app */ = {isa = PBXFileReference; explicitFileType = wrapper.application; includeInIndex = 0; path = MouseME.app; sourceTree = BUILT_PRODUCTS_DIR; };
		CF0003000000000000000002 /* MouseMETests.xctest */ = {isa = PBXFileReference; explicitFileType = wrapper.cfbundle; includeInIndex = 0; path = MouseMETests.xctest; sourceTree = BUILT_PRODUCTS_DIR; };
/* End PBXFileReference section */

/* Begin PBXGroup section */
		CF0004000000000000000001 /* MouseME */ = {
			isa = PBXGroup;
			children = (
				CF0002000000000000000001 /* MouseMEApp.swift */,
				CF0002000000000000000002 /* ContentView.swift */,
				CF0002000000000000000003 /* WebSocketClient.swift */,
				CF0002000000000000000004 /* MousePadView.swift */,
				CF0002000000000000000005 /* ScrollPadView.swift */,
				CF0002000000000000000006 /* SettingsView.swift */,
				CF0002000000000000000008 /* Info.plist */,
			);
			path = MouseME;
			sourceTree = "<group>";
		};
		CF0004000000000000000002 /* MouseMETests */ = {
			isa = PBXGroup;
			children = (
				CF0002000000000000000007 /* MouseMETests.swift */,
			);
			path = MouseMETests;
			sourceTree = "<group>";
		};
		CF0004000000000000000003 /* Products */ = {
			isa = PBXGroup;
			children = (
				CF0003000000000000000001 /* MouseME.app */,
				CF0003000000000000000002 /* MouseMETests.xctest */,
			);
			name = Products;
			sourceTree = "<group>";
		};
		CF0004000000000000000000 = {
			isa = PBXGroup;
			children = (
				CF0004000000000000000001 /* MouseME */,
				CF0004000000000000000002 /* MouseMETests */,
				CF0004000000000000000003 /* Products */,
			);
			sourceTree = "<group>";
		};
/* End PBXGroup section */

/* Begin PBXNativeTarget section */
		CF0005000000000000000001 /* MouseME */ = {
			isa = PBXNativeTarget;
			buildConfigurationList = CF0008000000000000000001 /* Build configuration list for PBXNativeTarget "MouseME" */;
			buildPhases = (
				CF0006000000000000000001 /* Sources */,
				CF0006000000000000000002 /* Frameworks */,
				CF0006000000000000000003 /* Resources */,
			);
			buildRules = (
			);
			dependencies = (
			);
			name = MouseME;
			productName = MouseME;
			productReference = CF0003000000000000000001 /* MouseME.app */;
			productType = "com.apple.product-type.application";
		};
		CF0005000000000000000002 /* MouseMETests */ = {
			isa = PBXNativeTarget;
			buildConfigurationList = CF0008000000000000000002 /* Build configuration list for PBXNativeTarget "MouseMETests" */;
			buildPhases = (
				CF0006000000000000000004 /* Sources */,
				CF0006000000000000000005 /* Frameworks */,
			);
			buildRules = (
			);
			dependencies = (
				CF0007000000000000000001 /* PBXTargetDependency */,
			);
			name = MouseMETests;
			productName = MouseMETests;
			productReference = CF0003000000000000000002 /* MouseMETests.xctest */;
			productType = "com.apple.product-type.bundle.unit-test";
		};
/* End PBXNativeTarget section */

/* Begin PBXProject section */
		CF0000000000000000000001 /* Project object */ = {
			isa = PBXProject;
			attributes = {
				BuildIndependentTargetsInParallel = 1;
				LastSwiftUpdateCheck = 1500;
				LastUpgradeCheck = 1500;
				TargetAttributes = {
					CF0005000000000000000001 = {
						CreatedOnToolsVersion = 15.0;
					};
					CF0005000000000000000002 = {
						CreatedOnToolsVersion = 15.0;
						TestTargetID = CF0005000000000000000001;
					};
				};
			};
			buildConfigurationList = CF0008000000000000000000 /* Build configuration list for PBXProject "MouseME" */;
			compatibilityVersion = "Xcode 14.0";
			developmentRegion = en;
			hasScannedForEncodings = 0;
			knownRegions = (
				en,
				Base,
			);
			mainGroup = CF0004000000000000000000;
			productRefGroup = CF0004000000000000000003 /* Products */;
			projectDirPath = "";
			projectRoot = "";
			targets = (
				CF0005000000000000000001 /* MouseME */,
				CF0005000000000000000002 /* MouseMETests */,
			);
		};
/* End PBXProject section */

/* Begin PBXSourcesBuildPhase section */
		CF0006000000000000000001 /* Sources */ = {
			isa = PBXSourcesBuildPhase;
			buildActionMask = 2147483647;
			files = (
				CF0001000000000000000001 /* MouseMEApp.swift in Sources */,
				CF0001000000000000000002 /* ContentView.swift in Sources */,
				CF0001000000000000000003 /* WebSocketClient.swift in Sources */,
				CF0001000000000000000004 /* MousePadView.swift in Sources */,
				CF0001000000000000000005 /* ScrollPadView.swift in Sources */,
				CF0001000000000000000006 /* SettingsView.swift in Sources */,
			);
			runOnlyForDeploymentPostprocessing = 0;
		};
		CF0006000000000000000002 /* Frameworks */ = {
			isa = PBXFrameworksBuildPhase;
			buildActionMask = 2147483647;
			files = (
			);
			runOnlyForDeploymentPostprocessing = 0;
		};
		CF0006000000000000000003 /* Resources */ = {
			isa = PBXResourcesBuildPhase;
			buildActionMask = 2147483647;
			files = (
			);
			runOnlyForDeploymentPostprocessing = 0;
		};
		CF0006000000000000000004 /* Sources */ = {
			isa = PBXSourcesBuildPhase;
			buildActionMask = 2147483647;
			files = (
				CF0001000000000000000007 /* MouseMETests.swift in Sources */,
			);
			runOnlyForDeploymentPostprocessing = 0;
		};
		CF0006000000000000000005 /* Frameworks */ = {
			isa = PBXFrameworksBuildPhase;
			buildActionMask = 2147483647;
			files = (
			);
			runOnlyForDeploymentPostprocessing = 0;
		};
/* End PBXSourcesBuildPhase section */

/* Begin PBXTargetDependency section */
		CF0007000000000000000001 /* PBXTargetDependency */ = {
			isa = PBXTargetDependency;
			target = CF0005000000000000000001 /* MouseME */;
			targetProxy = CF0007000000000000000002 /* PBXContainerItemProxy */;
		};
/* End PBXTargetDependency section */

/* Begin PBXContainerItemProxy section */
		CF0007000000000000000002 /* PBXContainerItemProxy */ = {
			isa = PBXContainerItemProxy;
			containerPortal = CF0000000000000000000001 /* Project object */;
			proxyType = 1;
			remoteGlobalIDString = CF0005000000000000000001;
			remoteInfo = MouseME;
		};
/* End PBXContainerItemProxy section */

/* Begin XCBuildConfiguration section */
		CF0009000000000000000001 /* Debug */ = {
			isa = XCBuildConfiguration;
			buildSettings = {
				ALWAYS_SEARCH_USER_PATHS = NO;
				CLANG_ANALYZER_NONNULL = YES;
				CLANG_ANALYZER_NUMBER_OBJECT_CONVERSION = YES_AGGRESSIVE;
				CLANG_CXX_LANGUAGE_STANDARD = "gnu++20";
				CLANG_ENABLE_MODULES = YES;
				CLANG_ENABLE_OBJC_ARC = YES;
				CLANG_ENABLE_OBJC_WEAK = YES;
				CLANG_WARN_BLOCK_CAPTURE_AUTORELEASING = YES;
				CLANG_WARN_BOOL_CONVERSION = YES;
				CLANG_WARN_COMMA = YES;
				CLANG_WARN_CONSTANT_CONVERSION = YES;
				CLANG_WARN_DEPRECATED_OBJC_IMPLEMENTATIONS = YES;
				CLANG_WARN_DIRECT_OBJC_ISA_USAGE = YES_ERROR;
				CLANG_WARN_DOCUMENTATION_COMMENTS = YES;
				CLANG_WARN_EMPTY_BODY = YES;
				CLANG_WARN_ENUM_CONVERSION = YES;
				CLANG_WARN_INFINITE_LOOP = YES;
				CLANG_WARN_INT_CONVERSION = YES;
				CLANG_WARN_NON_LITERAL_NULL_CONVERSION = YES;
				CLANG_WARN_OBJC_IMPLICIT_RETAIN_SELF = YES;
				CLANG_WARN_OBJC_LITERAL_CONVERSION = YES;
				CLANG_WARN_OBJC_ROOT_CLASS = YES_ERROR;
				CLANG_WARN_QUOTED_INCLUDE_IN_FRAMEWORK_HEADER = YES;
				CLANG_WARN_RANGE_LOOP_ANALYSIS = YES;
				CLANG_WARN_STRICT_PROTOTYPES = YES;
				CLANG_WARN_SUSPICIOUS_MOVE = YES;
				CLANG_WARN_UNGUARDED_AVAILABILITY = YES_AGGRESSIVE;
				CLANG_WARN_UNREACHABLE_CODE = YES;
				CLANG_WARN__DUPLICATE_METHOD_MATCH = YES;
				COPY_PHASE_STRIP = NO;
				DEBUG_INFORMATION_FORMAT = dwarf;
				ENABLE_STRICT_OBJC_MSGSEND = YES;
				ENABLE_TESTABILITY = YES;
				GCC_C_LANGUAGE_STANDARD = gnu11;
				GCC_DYNAMIC_NO_PIC = NO;
				GCC_NO_COMMON_BLOCKS = YES;
				GCC_OPTIMIZATION_LEVEL = 0;
				GCC_PREPROCESSOR_DEFINITIONS = (
					"DEBUG=1",
					"$(inherited)",
				);
				GCC_WARN_64_TO_32_BIT_CONVERSION = YES;
				GCC_WARN_ABOUT_RETURN_TYPE = YES_ERROR;
				GCC_WARN_UNDECLARED_SELECTOR = YES;
				GCC_WARN_UNINITIALIZED_AUTOS = YES_AGGRESSIVE;
				GCC_WARN_UNUSED_FUNCTION = YES;
				GCC_WARN_UNUSED_VARIABLE = YES;
				IPHONEOS_DEPLOYMENT_TARGET = 16.0;
				MTL_ENABLE_DEBUG_INFO = INCLUDE_SOURCE;
				MTL_FAST_MATH = YES;
				ONLY_ACTIVE_ARCH = YES;
				SDKROOT = iphoneos;
				SWIFT_ACTIVE_COMPILATION_CONDITIONS = DEBUG;
				SWIFT_OPTIMIZATION_LEVEL = "-Onone";
			};
			name = Debug;
		};
		CF0009000000000000000002 /* Release */ = {
			isa = XCBuildConfiguration;
			buildSettings = {
				ALWAYS_SEARCH_USER_PATHS = NO;
				CLANG_ANALYZER_NONNULL = YES;
				CLANG_ANALYZER_NUMBER_OBJECT_CONVERSION = YES_AGGRESSIVE;
				CLANG_CXX_LANGUAGE_STANDARD = "gnu++20";
				CLANG_ENABLE_MODULES = YES;
				CLANG_ENABLE_OBJC_ARC = YES;
				CLANG_ENABLE_OBJC_WEAK = YES;
				CLANG_WARN_BLOCK_CAPTURE_AUTORELEASING = YES;
				CLANG_WARN_BOOL_CONVERSION = YES;
				CLANG_WARN_COMMA = YES;
				CLANG_WARN_CONSTANT_CONVERSION = YES;
				CLANG_WARN_DEPRECATED_OBJC_IMPLEMENTATIONS = YES;
				CLANG_WARN_DIRECT_OBJC_ISA_USAGE = YES_ERROR;
				CLANG_WARN_DOCUMENTATION_COMMENTS = YES;
				CLANG_WARN_EMPTY_BODY = YES;
				CLANG_WARN_ENUM_CONVERSION = YES;
				CLANG_WARN_INFINITE_LOOP = YES;
				CLANG_WARN_INT_CONVERSION = YES;
				CLANG_WARN_NON_LITERAL_NULL_CONVERSION = YES;
				CLANG_WARN_OBJC_IMPLICIT_RETAIN_SELF = YES;
				CLANG_WARN_OBJC_LITERAL_CONVERSION = YES;
				CLANG_WARN_OBJC_ROOT_CLASS = YES_ERROR;
				CLANG_WARN_QUOTED_INCLUDE_IN_FRAMEWORK_HEADER = YES;
				CLANG_WARN_RANGE_LOOP_ANALYSIS = YES;
				CLANG_WARN_STRICT_PROTOTYPES = YES;
				CLANG_WARN_SUSPICIOUS_MOVE = YES;
				CLANG_WARN_UNGUARDED_AVAILABILITY = YES_AGGRESSIVE;
				CLANG_WARN_UNREACHABLE_CODE = YES;
				CLANG_WARN__DUPLICATE_METHOD_MATCH = YES;
				COPY_PHASE_STRIP = NO;
				DEBUG_INFORMATION_FORMAT = "dwarf-with-dsym";
				ENABLE_NS_ASSERTIONS = NO;
				ENABLE_STRICT_OBJC_MSGSEND = YES;
				GCC_C_LANGUAGE_STANDARD = gnu11;
				GCC_NO_COMMON_BLOCKS = YES;
				GCC_WARN_64_TO_32_BIT_CONVERSION = YES;
				GCC_WARN_ABOUT_RETURN_TYPE = YES_ERROR;
				GCC_WARN_UNDECLARED_SELECTOR = YES;
				GCC_WARN_UNINITIALIZED_AUTOS = YES_AGGRESSIVE;
				GCC_WARN_UNUSED_FUNCTION = YES;
				GCC_WARN_UNUSED_VARIABLE = YES;
				IPHONEOS_DEPLOYMENT_TARGET = 16.0;
				MTL_ENABLE_DEBUG_INFO = NO;
				MTL_FAST_MATH = YES;
				SDKROOT = iphoneos;
				SWIFT_COMPILATION_MODE = wholemodule;
				SWIFT_OPTIMIZATION_LEVEL = "-O";
				VALIDATE_PRODUCT = YES;
			};
			name = Release;
		};
		CF0009000000000000000003 /* Debug */ = {
			isa = XCBuildConfiguration;
			buildSettings = {
				ASSETCATALOG_COMPILER_GENERATE_SWIFT_ASSET_SYMBOL_EXTENSIONS = YES;
				CODE_SIGN_STYLE = Automatic;
				CURRENT_PROJECT_VERSION = 1;
				DEVELOPMENT_ASSET_PATHS = "";
				ENABLE_PREVIEWS = YES;
				GENERATE_INFOPLIST_FILE = NO;
				INFOPLIST_FILE = MouseME/Info.plist;
				IPHONEOS_DEPLOYMENT_TARGET = 16.0;
				LD_RUNPATH_SEARCH_PATHS = (
					"$(inherited)",
					"@executable_path/Frameworks",
				);
				MARKETING_VERSION = 1.0;
				PRODUCT_BUNDLE_IDENTIFIER = com.mouseme.app;
				PRODUCT_NAME = "$(TARGET_NAME)";
				SWIFT_EMIT_LOC_STRINGS = YES;
				SWIFT_VERSION = 5.0;
				TARGETED_DEVICE_FAMILY = 1;
			};
			name = Debug;
		};
		CF0009000000000000000004 /* Release */ = {
			isa = XCBuildConfiguration;
			buildSettings = {
				ASSETCATALOG_COMPILER_GENERATE_SWIFT_ASSET_SYMBOL_EXTENSIONS = YES;
				CODE_SIGN_STYLE = Automatic;
				CURRENT_PROJECT_VERSION = 1;
				DEVELOPMENT_ASSET_PATHS = "";
				ENABLE_PREVIEWS = YES;
				GENERATE_INFOPLIST_FILE = NO;
				INFOPLIST_FILE = MouseME/Info.plist;
				IPHONEOS_DEPLOYMENT_TARGET = 16.0;
				LD_RUNPATH_SEARCH_PATHS = (
					"$(inherited)",
					"@executable_path/Frameworks",
				);
				MARKETING_VERSION = 1.0;
				PRODUCT_BUNDLE_IDENTIFIER = com.mouseme.app;
				PRODUCT_NAME = "$(TARGET_NAME)";
				SWIFT_EMIT_LOC_STRINGS = YES;
				SWIFT_VERSION = 5.0;
				TARGETED_DEVICE_FAMILY = 1;
			};
			name = Release;
		};
		CF0009000000000000000005 /* Debug */ = {
			isa = XCBuildConfiguration;
			buildSettings = {
				BUNDLE_LOADER = "$(TEST_HOST)";
				CODE_SIGN_STYLE = Automatic;
				CURRENT_PROJECT_VERSION = 1;
				GENERATE_INFOPLIST_FILE = YES;
				IPHONEOS_DEPLOYMENT_TARGET = 16.0;
				MARKETING_VERSION = 1.0;
				PRODUCT_BUNDLE_IDENTIFIER = com.mouseme.app.tests;
				PRODUCT_NAME = "$(TARGET_NAME)";
				SWIFT_EMIT_LOC_STRINGS = NO;
				SWIFT_VERSION = 5.0;
				TARGETED_DEVICE_FAMILY = 1;
				TEST_HOST = "$(BUILT_PRODUCTS_DIR)/MouseME.app/$(BUNDLE_EXECUTABLE_FOLDER_PATH)/MouseME";
			};
			name = Debug;
		};
		CF0009000000000000000006 /* Release */ = {
			isa = XCBuildConfiguration;
			buildSettings = {
				BUNDLE_LOADER = "$(TEST_HOST)";
				CODE_SIGN_STYLE = Automatic;
				CURRENT_PROJECT_VERSION = 1;
				GENERATE_INFOPLIST_FILE = YES;
				IPHONEOS_DEPLOYMENT_TARGET = 16.0;
				MARKETING_VERSION = 1.0;
				PRODUCT_BUNDLE_IDENTIFIER = com.mouseme.app.tests;
				PRODUCT_NAME = "$(TARGET_NAME)";
				SWIFT_EMIT_LOC_STRINGS = NO;
				SWIFT_VERSION = 5.0;
				TARGETED_DEVICE_FAMILY = 1;
				TEST_HOST = "$(BUILT_PRODUCTS_DIR)/MouseME.app/$(BUNDLE_EXECUTABLE_FOLDER_PATH)/MouseME";
			};
			name = Release;
		};
/* End XCBuildConfiguration section */

/* Begin XCConfigurationList section */
		CF0008000000000000000000 /* Build configuration list for PBXProject "MouseME" */ = {
			isa = XCConfigurationList;
			buildConfigurations = (
				CF0009000000000000000001 /* Debug */,
				CF0009000000000000000002 /* Release */,
			);
			defaultConfigurationIsVisible = 0;
			defaultConfigurationName = Release;
		};
		CF0008000000000000000001 /* Build configuration list for PBXNativeTarget "MouseME" */ = {
			isa = XCConfigurationList;
			buildConfigurations = (
				CF0009000000000000000003 /* Debug */,
				CF0009000000000000000004 /* Release */,
			);
			defaultConfigurationIsVisible = 0;
			defaultConfigurationName = Release;
		};
		CF0008000000000000000002 /* Build configuration list for PBXNativeTarget "MouseMETests" */ = {
			isa = XCConfigurationList;
			buildConfigurations = (
				CF0009000000000000000005 /* Debug */,
				CF0009000000000000000006 /* Release */,
			);
			defaultConfigurationIsVisible = 0;
			defaultConfigurationName = Release;
		};
/* End XCConfigurationList section */

	};
	rootObject = CF0000000000000000000001 /* Project object */;
}
